
Microsoft Visual Studio Solution File, Format Version 12.00
# Visual Studio Version 17
VisualStudioVersion = 17.8.34309.116
MinimumVisualStudioVersion = 10.0.40219.1
Project("{9A19103F-16F7-4668-BE54-9A1E7A4F7556}") = "EventsWebApplication.Api", "EventsWebApplication\EventsWebApplication.Api.csproj", "{B87B398B-8288-4FD8-AD3D-9E17836E2548}"
	ProjectSection(ProjectDependencies) = postProject
		{0CC42A82-F0D6-4E95-B6AB-0AFB95B2DC4F} = {0CC42A82-F0D6-4E95-B6AB-0AFB95B2DC4F}
		{8F5F19F5-29C4-421D-A43C-FA417A54221D} = {8F5F19F5-29C4-421D-A43C-FA417A54221D}
	EndProjectSection
EndProject
Project("{9A19103F-16F7-4668-BE54-9A1E7A4F7556}") = "EventsWebApplication.Tests", "EventsWebApplication.Tests\EventsWebApplication.Tests.csproj", "{9D3CBF17-FB3D-4E02-9474-35E4831EA48F}"
EndProject
Project("{FAE04EC0-301F-11D3-BF4B-00C04F79EFBC}") = "EventsWebApplication.Core", "EventsWebApplication.Core\EventsWebApplication.Core.csproj", "{8F5F19F5-29C4-421D-A43C-FA417A54221D}"
EndProject
Project("{FAE04EC0-301F-11D3-BF4B-00C04F79EFBC}") = "EventsWebApplication.Infrastructure", "EventsWebApplication.Infrastructure\EventsWebApplication.Infrastructure.csproj", "{0CC42A82-F0D6-4E95-B6AB-0AFB95B2DC4F}"
EndProject
Global
	GlobalSection(SolutionConfigurationPlatforms) = preSolution
		Debug|Any CPU = Debug|Any CPU
		Release|Any CPU = Release|Any CPU
	EndGlobalSection
	GlobalSection(ProjectConfigurationPlatforms) = postSolution
		{B87B398B-8288-4FD8-AD3D-9E17836E2548}.Debug|Any CPU.ActiveCfg = Debug|Any CPU
		{B87B398B-8288-4FD8-AD3D-9E17836E2548}.Debug|Any CPU.Build.0 = Debug|Any CPU
		{B87B398B-8288-4FD8-AD3D-9E17836E2548}.Release|Any CPU.ActiveCfg = Release|Any CPU
		{B87B398B-8288-4FD8-AD3D-9E17836E2548}.Release|Any CPU.Build.0 = Release|Any CPU
		{9D3CBF17-FB3D-4E02-9474-35E4831EA48F}.Debug|Any CPU.ActiveCfg = Debug|Any CPU
		{9D3CBF17-FB3D-4E02-9474-35E4831EA48F}.Debug|Any CPU.Build.0 = Debug|Any CPU
		{9D3CBF17-FB3D-4E02-9474-35E4831EA48F}.Release|Any CPU.ActiveCfg = Release|Any CPU
		{9D3CBF17-FB3D-4E02-9474-35E4831EA48F}.Release|Any CPU.Build.0 = Release|Any CPU
		{8F5F19F5-29C4-421D-A43C-FA417A54221D}.Debug|Any CPU.ActiveCfg = Debug|Any CPU
		{8F5F19F5-29C4-421D-A43C-FA417A54221D}.Debug|Any CPU.Build.0 = Debug|Any CPU
		{8F5F19F5-29C4-421D-A43C-FA417A54221D}.Release|Any CPU.ActiveCfg = Release|Any CPU
		{8F5F19F5-29C4-421D-A43C-FA417A54221D}.Release|Any CPU.Build.0 = Release|Any CPU
		{0CC42A82-F0D6-4E95-B6AB-0AFB95B2DC4F}.Debug|Any CPU.ActiveCfg = Debug|Any CPU
		{0CC42A82-F0D6-4E95-B6AB-0AFB95B2DC4F}.Debug|Any CPU.Build.0 = Debug|Any CPU
		{0CC42A82-F0D6-4E95-B6AB-0AFB95B2DC4F}.Release|Any CPU.ActiveCfg = Release|Any CPU
		{0CC42A82-F0D6-4E95-B6AB-0AFB95B2DC4F}.Release|Any CPU.Build.0 = Release|Any CPU
	EndGlobalSection
	GlobalSection(SolutionProperties) = preSolution
		HideSolutionNode = FALSE
	EndGlobalSection
	GlobalSection(ExtensibilityGlobals) = postSolution
		SolutionGuid = {808026D3-01CF-4C33-BCD2-2773AD043D87}
	EndGlobalSection
EndGlobal
